// !$*UTF8*$!
{
	archiveVersion = 1;
	classes = {
	};
	objectVersion = 55;
	objects = {

/* Begin PBXBuildFile section */
		B017AEA0280FA858009E195C /* AppDelegate.swift in Sources */ = {isa = PBXBuildFile; fileRef = B017AE9F280FA858009E195C /* AppDelegate.swift */; };
		B017AEA2280FA858009E195C /* SceneDelegate.swift in Sources */ = {isa = PBXBuildFile; fileRef = B017AEA1280FA858009E195C /* SceneDelegate.swift */; };
		B017AEA4280FA858009E195C /* ViewController.swift in Sources */ = {isa = PBXBuildFile; fileRef = B017AEA3280FA858009E195C /* ViewController.swift */; };
		B017AEA7280FA858009E195C /* Main.storyboard in Resources */ = {isa = PBXBuildFile; fileRef = B017AEA5280FA858009E195C /* Main.storyboard */; };
		B017AEAA280FA858009E195C /* Movie_Night.xcdatamodeld in Sources */ = {isa = PBXBuildFile; fileRef = B017AEA8280FA858009E195C /* Movie_Night.xcdatamodeld */; };
		B017AEAC280FA85B009E195C /* Assets.xcassets in Resources */ = {isa = PBXBuildFile; fileRef = B017AEAB280FA85B009E195C /* Assets.xcassets */; };
		B017AEAF280FA85B009E195C /* LaunchScreen.storyboard in Resources */ = {isa = PBXBuildFile; fileRef = B017AEAD280FA85B009E195C /* LaunchScreen.storyboard */; };
		B017AEB7280FAA01009E195C /* TrendingPage.storyboard in Resources */ = {isa = PBXBuildFile; fileRef = B017AEB6280FAA01009E195C /* TrendingPage.storyboard */; };
		B017AEB9280FABC5009E195C /* NewPage.storyboard in Resources */ = {isa = PBXBuildFile; fileRef = B017AEB8280FABC5009E195C /* NewPage.storyboard */; };
		B017AEBB280FB746009E195C /* DataGetter.swift in Sources */ = {isa = PBXBuildFile; fileRef = B017AEBA280FB746009E195C /* DataGetter.swift */; };
		B017AEBF280FC4B1009E195C /* MovieTableViewCell.swift in Sources */ = {isa = PBXBuildFile; fileRef = B017AEBE280FC4B1009E195C /* MovieTableViewCell.swift */; };
		B017AEC1280FC57E009E195C /* TrendingPageTableViewController.swift in Sources */ = {isa = PBXBuildFile; fileRef = B017AEC0280FC57E009E195C /* TrendingPageTableViewController.swift */; };
		B017AEC3280FC697009E195C /* TrendingPageViewController.swift in Sources */ = {isa = PBXBuildFile; fileRef = B017AEC2280FC697009E195C /* TrendingPageViewController.swift */; };
		B017AECF2810300D009E195C /* Results.swift in Sources */ = {isa = PBXBuildFile; fileRef = B017AECD2810300D009E195C /* Results.swift */; };
		B017AED02810300D009E195C /* Json4Swift_Base.swift in Sources */ = {isa = PBXBuildFile; fileRef = B017AECE2810300D009E195C /* Json4Swift_Base.swift */; };
		B05E1B8628116036004070C4 /* SDWebImage in Frameworks */ = {isa = PBXBuildFile; productRef = B05E1B8528116036004070C4 /* SDWebImage */; };
		B05E1B8828116036004070C4 /* SDWebImageMapKit in Frameworks */ = {isa = PBXBuildFile; productRef = B05E1B8728116036004070C4 /* SDWebImageMapKit */; };
		B05E1B8C28118775004070C4 /* MovieDetailViewController.swift in Sources */ = {isa = PBXBuildFile; fileRef = B05E1B8B28118775004070C4 /* MovieDetailViewController.swift */; };
		B05E1B8E28138DCE004070C4 /* NewPageViewController.swift in Sources */ = {isa = PBXBuildFile; fileRef = B05E1B8D28138DCE004070C4 /* NewPageViewController.swift */; };
/* End PBXBuildFile section */

/* Begin PBXFileReference section */
		B017AE9C280FA857009E195C /* Movie Night.app */ = {isa = PBXFileReference; explicitFileType = wrapper.application; includeInIndex = 0; path = "Movie Night.app"; sourceTree = BUILT_PRODUCTS_DIR; };
		B017AE9F280FA858009E195C /* AppDelegate.swift */ = {isa = PBXFileReference; lastKnownFileType = sourcecode.swift; path = AppDelegate.swift; sourceTree = "<group>"; };
		B017AEA1280FA858009E195C /* SceneDelegate.swift */ = {isa = PBXFileReference; lastKnownFileType = sourcecode.swift; path = SceneDelegate.swift; sourceTree = "<group>"; };
		B017AEA3280FA858009E195C /* ViewController.swift */ = {isa = PBXFileReference; lastKnownFileType = sourcecode.swift; path = ViewController.swift; sourceTree = "<group>"; };
		B017AEA6280FA858009E195C /* Base */ = {isa = PBXFileReference; lastKnownFileType = file.storyboard; name = Base; path = Base.lproj/Main.storyboard; sourceTree = "<group>"; };
		B017AEA9280FA858009E195C /* Movie_Night.xcdatamodel */ = {isa = PBXFileReference; lastKnownFileType = wrapper.xcdatamodel; path = Movie_Night.xcdatamodel; sourceTree = "<group>"; };
		B017AEAB280FA85B009E195C /* Assets.xcassets */ = {isa = PBXFileReference; lastKnownFileType = folder.assetcatalog; path = Assets.xcassets; sourceTree = "<group>"; };
		B017AEAE280FA85B009E195C /* Base */ = {isa = PBXFileReference; lastKnownFileType = file.storyboard; name = Base; path = Base.lproj/LaunchScreen.storyboard; sourceTree = "<group>"; };
		B017AEB0280FA85B009E195C /* Info.plist */ = {isa = PBXFileReference; lastKnownFileType = text.plist.xml; path = Info.plist; sourceTree = "<group>"; };
		B017AEB6280FAA01009E195C /* TrendingPage.storyboard */ = {isa = PBXFileReference; lastKnownFileType = file.storyboard; path = TrendingPage.storyboard; sourceTree = "<group>"; };
		B017AEB8280FABC5009E195C /* NewPage.storyboard */ = {isa = PBXFileReference; lastKnownFileType = file.storyboard; path = NewPage.storyboard; sourceTree = "<group>"; };
		B017AEBA280FB746009E195C /* DataGetter.swift */ = {isa = PBXFileReference; lastKnownFileType = sourcecode.swift; path = DataGetter.swift; sourceTree = "<group>"; };
		B017AEBE280FC4B1009E195C /* MovieTableViewCell.swift */ = {isa = PBXFileReference; lastKnownFileType = sourcecode.swift; path = MovieTableViewCell.swift; sourceTree = "<group>"; };
		B017AEC0280FC57E009E195C /* TrendingPageTableViewController.swift */ = {isa = PBXFileReference; lastKnownFileType = sourcecode.swift; path = TrendingPageTableViewController.swift; sourceTree = "<group>"; };
		B017AEC2280FC697009E195C /* TrendingPageViewController.swift */ = {isa = PBXFileReference; lastKnownFileType = sourcecode.swift; path = TrendingPageViewController.swift; sourceTree = "<group>"; };
		B017AECD2810300D009E195C /* Results.swift */ = {isa = PBXFileReference; fileEncoding = 4; lastKnownFileType = sourcecode.swift; name = Results.swift; path = ../../../../../../Downloads/codegen_625ff86d21247/Results.swift; sourceTree = "<group>"; };
		B017AECE2810300D009E195C /* Json4Swift_Base.swift */ = {isa = PBXFileReference; fileEncoding = 4; lastKnownFileType = sourcecode.swift; name = Json4Swift_Base.swift; path = ../../../../../../Downloads/codegen_625ff86d21247/Json4Swift_Base.swift; sourceTree = "<group>"; };
		B05E1B8B28118775004070C4 /* MovieDetailViewController.swift */ = {isa = PBXFileReference; lastKnownFileType = sourcecode.swift; path = MovieDetailViewController.swift; sourceTree = "<group>"; };
		B05E1B8D28138DCE004070C4 /* NewPageViewController.swift */ = {isa = PBXFileReference; lastKnownFileType = sourcecode.swift; path = NewPageViewController.swift; sourceTree = "<group>"; };
/* End PBXFileReference section */

/* Begin PBXFrameworksBuildPhase section */
		B017AE99280FA857009E195C /* Frameworks */ = {
			isa = PBXFrameworksBuildPhase;
			buildActionMask = 2147483647;
			files = (
				B05E1B8828116036004070C4 /* SDWebImageMapKit in Frameworks */,
				B05E1B8628116036004070C4 /* SDWebImage in Frameworks */,
			);
			runOnlyForDeploymentPostprocessing = 0;
		};
/* End PBXFrameworksBuildPhase section */

/* Begin PBXGroup section */
		B017AE93280FA857009E195C = {
			isa = PBXGroup;
			children = (
				B017AE9E280FA857009E195C /* Movie Night */,
				B017AE9D280FA857009E195C /* Products */,
			);
			sourceTree = "<group>";
		};
		B017AE9D280FA857009E195C /* Products */ = {
			isa = PBXGroup;
			children = (
				B017AE9C280FA857009E195C /* Movie Night.app */,
			);
			name = Products;
			sourceTree = "<group>";
		};
		B017AE9E280FA857009E195C /* Movie Night */ = {
			isa = PBXGroup;
			children = (
				B05E1B8B28118775004070C4 /* MovieDetailViewController.swift */,
				B017AEC428102E1D009E195C /* JsonSwift */,
				B017AE9F280FA858009E195C /* AppDelegate.swift */,
				B017AEA1280FA858009E195C /* SceneDelegate.swift */,
				B017AEA3280FA858009E195C /* ViewController.swift */,
				B017AEBA280FB746009E195C /* DataGetter.swift */,
				B017AEBE280FC4B1009E195C /* MovieTableViewCell.swift */,
				B017AEC0280FC57E009E195C /* TrendingPageTableViewController.swift */,
				B017AEC2280FC697009E195C /* TrendingPageViewController.swift */,
				B017AEA5280FA858009E195C /* Main.storyboard */,
				B017AEB6280FAA01009E195C /* TrendingPage.storyboard */,
				B017AEB8280FABC5009E195C /* NewPage.storyboard */,
				B05E1B8D28138DCE004070C4 /* NewPageViewController.swift */,
				B017AEAB280FA85B009E195C /* Assets.xcassets */,
				B017AEAD280FA85B009E195C /* LaunchScreen.storyboard */,
				B017AEB0280FA85B009E195C /* Info.plist */,
				B017AEA8280FA858009E195C /* Movie_Night.xcdatamodeld */,
			);
			path = "Movie Night";
			sourceTree = "<group>";
		};
		B017AEC428102E1D009E195C /* JsonSwift */ = {
			isa = PBXGroup;
			children = (
				B017AECE2810300D009E195C /* Json4Swift_Base.swift */,
				B017AECD2810300D009E195C /* Results.swift */,
			);
			path = JsonSwift;
			sourceTree = "<group>";
		};
/* End PBXGroup section */

/* Begin PBXNativeTarget section */
		B017AE9B280FA857009E195C /* Movie Night */ = {
			isa = PBXNativeTarget;
			buildConfigurationList = B017AEB3280FA85B009E195C /* Build configuration list for PBXNativeTarget "Movie Night" */;
			buildPhases = (
				B017AE98280FA857009E195C /* Sources */,
				B017AE99280FA857009E195C /* Frameworks */,
				B017AE9A280FA857009E195C /* Resources */,
			);
			buildRules = (
			);
			dependencies = (
			);
			name = "Movie Night";
			packageProductDependencies = (
				B05E1B8528116036004070C4 /* SDWebImage */,
				B05E1B8728116036004070C4 /* SDWebImageMapKit */,
			);
			productName = "Movie Night";
			productReference = B017AE9C280FA857009E195C /* Movie Night.app */;
			productType = "com.apple.product-type.application";
		};
/* End PBXNativeTarget section */

/* Begin PBXProject section */
		B017AE94280FA857009E195C /* Project object */ = {
			isa = PBXProject;
			attributes = {
				BuildIndependentTargetsInParallel = 1;
				LastSwiftUpdateCheck = 1330;
				LastUpgradeCheck = 1330;
				TargetAttributes = {
					B017AE9B280FA857009E195C = {
						CreatedOnToolsVersion = 13.3;
					};
				};
			};
			buildConfigurationList = B017AE97280FA857009E195C /* Build configuration list for PBXProject "Movie Night" */;
			compatibilityVersion = "Xcode 13.0";
			developmentRegion = en;
			hasScannedForEncodings = 0;
			knownRegions = (
				en,
				Base,
			);
			mainGroup = B017AE93280FA857009E195C;
			packageReferences = (
				B05E1B8428116036004070C4 /* XCRemoteSwiftPackageReference "SDWebImage" */,
			);
			productRefGroup = B017AE9D280FA857009E195C /* Products */;
			projectDirPath = "";
			projectRoot = "";
			targets = (
				B017AE9B280FA857009E195C /* Movie Night */,
			);
		};
/* End PBXProject section */

/* Begin PBXResourcesBuildPhase section */
		B017AE9A280FA857009E195C /* Resources */ = {
			isa = PBXResourcesBuildPhase;
			buildActionMask = 2147483647;
			files = (
				B017AEAF280FA85B009E195C /* LaunchScreen.storyboard in Resources */,
				B017AEAC280FA85B009E195C /* Assets.xcassets in Resources */,
				B017AEB7280FAA01009E195C /* TrendingPage.storyboard in Resources */,
				B017AEB9280FABC5009E195C /* NewPage.storyboard in Resources */,
				B017AEA7280FA858009E195C /* Main.storyboard in Resources */,
			);
			runOnlyForDeploymentPostprocessing = 0;
		};
/* End PBXResourcesBuildPhase section */

/* Begin PBXSourcesBuildPhase section */
		B017AE98280FA857009E195C /* Sources */ = {
			isa = PBXSourcesBuildPhase;
			buildActionMask = 2147483647;
			files = (
				B017AEA4280FA858009E195C /* ViewController.swift in Sources */,
				B017AEAA280FA858009E195C /* Movie_Night.xcdatamodeld in Sources */,
				B017AEBF280FC4B1009E195C /* MovieTableViewCell.swift in Sources */,
				B017AED02810300D009E195C /* Json4Swift_Base.swift in Sources */,
				B05E1B8C28118775004070C4 /* MovieDetailViewController.swift in Sources */,
				B017AEC1280FC57E009E195C /* TrendingPageTableViewController.swift in Sources */,
				B017AEC3280FC697009E195C /* TrendingPageViewController.swift in Sources */,
				B017AEBB280FB746009E195C /* DataGetter.swift in Sources */,
				B05E1B8E28138DCE004070C4 /* NewPageViewController.swift in Sources */,
				B017AECF2810300D009E195C /* Results.swift in Sources */,
				B017AEA0280FA858009E195C /* AppDelegate.swift in Sources */,
				B017AEA2280FA858009E195C /* SceneDelegate.swift in Sources */,
			);
			runOnlyForDeploymentPostprocessing = 0;
		};
/* End PBXSourcesBuildPhase section */

/* Begin PBXVariantGroup section */
		B017AEA5280FA858009E195C /* Main.storyboard */ = {
			isa = PBXVariantGroup;
			children = (
				B017AEA6280FA858009E195C /* Base */,
			);
			name = Main.storyboard;
			sourceTree = "<group>";
		};
		B017AEAD280FA85B009E195C /* LaunchScreen.storyboard */ = {
			isa = PBXVariantGroup;
			children = (
				B017AEAE280FA85B009E195C /* Base */,
			);
			name = LaunchScreen.storyboard;
			sourceTree = "<group>";
		};
/* End PBXVariantGroup section */

/* Begin XCBuildConfiguration section */
		B017AEB1280FA85B009E195C /* Debug */ = {
			isa = XCBuildConfiguration;
			buildSettings = {
				ALWAYS_SEARCH_USER_PATHS = NO;
				CLANG_ANALYZER_NONNULL = YES;
				CLANG_ANALYZER_NUMBER_OBJECT_CONVERSION = YES_AGGRESSIVE;
				CLANG_CXX_LANGUAGE_STANDARD = "gnu++17";
				CLANG_ENABLE_MODULES = YES;
				CLANG_ENABLE_OBJC_ARC = YES;
				CLANG_ENABLE_OBJC_WEAK = YES;
				CLANG_WARN_BLOCK_CAPTURE_AUTORELEASING = YES;
				CLANG_WARN_BOOL_CONVERSION = YES;
				CLANG_WARN_COMMA = YES;
				CLANG_WARN_CONSTANT_CONVERSION = YES;
				CLANG_WARN_DEPRECATED_OBJC_IMPLEMENTATIONS = YES;
				CLANG_WARN_DIRECT_OBJC_ISA_USAGE = YES_ERROR;
				CLANG_WARN_DOCUMENTATION_COMMENTS = YES;
				CLANG_WARN_EMPTY_BODY = YES;
				CLANG_WARN_ENUM_CONVERSION = YES;
				CLANG_WARN_INFINITE_RECURSION = YES;
				CLANG_WARN_INT_CONVERSION = YES;
				CLANG_WARN_NON_LITERAL_NULL_CONVERSION = YES;
				CLANG_WARN_OBJC_IMPLICIT_RETAIN_SELF = YES;
				CLANG_WARN_OBJC_LITERAL_CONVERSION = YES;
				CLANG_WARN_OBJC_ROOT_CLASS = YES_ERROR;
				CLANG_WARN_QUOTED_INCLUDE_IN_FRAMEWORK_HEADER = YES;
				CLANG_WARN_RANGE_LOOP_ANALYSIS = YES;
				CLANG_WARN_STRICT_PROTOTYPES = YES;
				CLANG_WARN_SUSPICIOUS_MOVE = YES;
				CLANG_WARN_UNGUARDED_AVAILABILITY = YES_AGGRESSIVE;
				CLANG_WARN_UNREACHABLE_CODE = YES;
				CLANG_WARN__DUPLICATE_METHOD_MATCH = YES;
				COPY_PHASE_STRIP = NO;
				DEBUG_INFORMATION_FORMAT = dwarf;
				ENABLE_STRICT_OBJC_MSGSEND = YES;
				ENABLE_TESTABILITY = YES;
				GCC_C_LANGUAGE_STANDARD = gnu11;
				GCC_DYNAMIC_NO_PIC = NO;
				GCC_NO_COMMON_BLOCKS = YES;
				GCC_OPTIMIZATION_LEVEL = 0;
				GCC_PREPROCESSOR_DEFINITIONS = (
					"DEBUG=1",
					"$(inherited)",
				);
				GCC_WARN_64_TO_32_BIT_CONVERSION = YES;
				GCC_WARN_ABOUT_RETURN_TYPE = YES_ERROR;
				GCC_WARN_UNDECLARED_SELECTOR = YES;
				GCC_WARN_UNINITIALIZED_AUTOS = YES_AGGRESSIVE;
				GCC_WARN_UNUSED_FUNCTION = YES;
				GCC_WARN_UNUSED_VARIABLE = YES;
				IPHONEOS_DEPLOYMENT_TARGET = 15.4;
				MTL_ENABLE_DEBUG_INFO = INCLUDE_SOURCE;
				MTL_FAST_MATH = YES;
				ONLY_ACTIVE_ARCH = YES;
				SDKROOT = iphoneos;
				SWIFT_ACTIVE_COMPILATION_CONDITIONS = DEBUG;
				SWIFT_OPTIMIZATION_LEVEL = "-Onone";
			};
			name = Debug;
		};
		B017AEB2280FA85B009E195C /* Release */ = {
			isa = XCBuildConfiguration;
			buildSettings = {
				ALWAYS_SEARCH_USER_PATHS = NO;
				CLANG_ANALYZER_NONNULL = YES;
				CLANG_ANALYZER_NUMBER_OBJECT_CONVERSION = YES_AGGRESSIVE;
				CLANG_CXX_LANGUAGE_STANDARD = "gnu++17";
				CLANG_ENABLE_MODULES = YES;
				CLANG_ENABLE_OBJC_ARC = YES;
				CLANG_ENABLE_OBJC_WEAK = YES;
				CLANG_WARN_BLOCK_CAPTURE_AUTORELEASING = YES;
				CLANG_WARN_BOOL_CONVERSION = YES;
				CLANG_WARN_COMMA = YES;
				CLANG_WARN_CONSTANT_CONVERSION = YES;
				CLANG_WARN_DEPRECATED_OBJC_IMPLEMENTATIONS = YES;
				CLANG_WARN_DIRECT_OBJC_ISA_USAGE = YES_ERROR;
				CLANG_WARN_DOCUMENTATION_COMMENTS = YES;
				CLANG_WARN_EMPTY_BODY = YES;
				CLANG_WARN_ENUM_CONVERSION = YES;
				CLANG_WARN_INFINITE_RECURSION = YES;
				CLANG_WARN_INT_CONVERSION = YES;
				CLANG_WARN_NON_LITERAL_NULL_CONVERSION = YES;
				CLANG_WARN_OBJC_IMPLICIT_RETAIN_SELF = YES;
				CLANG_WARN_OBJC_LITERAL_CONVERSION = YES;
				CLANG_WARN_OBJC_ROOT_CLASS = YES_ERROR;
				CLANG_WARN_QUOTED_INCLUDE_IN_FRAMEWORK_HEADER = YES;
				CLANG_WARN_RANGE_LOOP_ANALYSIS = YES;
				CLANG_WARN_STRICT_PROTOTYPES = YES;
				CLANG_WARN_SUSPICIOUS_MOVE = YES;
				CLANG_WARN_UNGUARDED_AVAILABILITY = YES_AGGRESSIVE;
				CLANG_WARN_UNREACHABLE_CODE = YES;
				CLANG_WARN__DUPLICATE_METHOD_MATCH = YES;
				COPY_PHASE_STRIP = NO;
				DEBUG_INFORMATION_FORMAT = "dwarf-with-dsym";
				ENABLE_NS_ASSERTIONS = NO;
				ENABLE_STRICT_OBJC_MSGSEND = YES;
				GCC_C_LANGUAGE_STANDARD = gnu11;
				GCC_NO_COMMON_BLOCKS = YES;
				GCC_WARN_64_TO_32_BIT_CONVERSION = YES;
				GCC_WARN_ABOUT_RETURN_TYPE = YES_ERROR;
				GCC_WARN_UNDECLARED_SELECTOR = YES;
				GCC_WARN_UNINITIALIZED_AUTOS = YES_AGGRESSIVE;
				GCC_WARN_UNUSED_FUNCTION = YES;
				GCC_WARN_UNUSED_VARIABLE = YES;
				IPHONEOS_DEPLOYMENT_TARGET = 15.4;
				MTL_ENABLE_DEBUG_INFO = NO;
				MTL_FAST_MATH = YES;
				SDKROOT = iphoneos;
				SWIFT_COMPILATION_MODE = wholemodule;
				SWIFT_OPTIMIZATION_LEVEL = "-O";
				VALIDATE_PRODUCT = YES;
			};
			name = Release;
		};
		B017AEB4280FA85B009E195C /* Debug */ = {
			isa = XCBuildConfiguration;
			buildSettings = {
				ASSETCATALOG_COMPILER_APPICON_NAME = AppIcon;
				ASSETCATALOG_COMPILER_GLOBAL_ACCENT_COLOR_NAME = AccentColor;
				CODE_SIGN_STYLE = Automatic;
				CURRENT_PROJECT_VERSION = 1;
				DEVELOPMENT_TEAM = GS22S3LAT6;
				GENERATE_INFOPLIST_FILE = YES;
				INFOPLIST_FILE = "Movie Night/Info.plist";
				INFOPLIST_KEY_UIApplicationSupportsIndirectInputEvents = YES;
				INFOPLIST_KEY_UILaunchStoryboardName = LaunchScreen;
				INFOPLIST_KEY_UIMainStoryboardFile = Main;
				INFOPLIST_KEY_UISupportedInterfaceOrientations = UIInterfaceOrientationPortrait;
				INFOPLIST_KEY_UISupportedInterfaceOrientations_iPad = "UIInterfaceOrientationPortrait UIInterfaceOrientationPortraitUpsideDown UIInterfaceOrientationLandscapeLeft UIInterfaceOrientationLandscapeRight";
				INFOPLIST_KEY_UISupportedInterfaceOrientations_iPhone = "UIInterfaceOrientationPortrait UIInterfaceOrientationLandscapeLeft UIInterfaceOrientationLandscapeRight";
				IPHONEOS_DEPLOYMENT_TARGET = 15.0;
				LD_RUNPATH_SEARCH_PATHS = (
					"$(inherited)",
					"@executable_path/Frameworks",
				);
				MARKETING_VERSION = 1.0;
				PRODUCT_BUNDLE_IDENTIFIER = "Roy2.Movie-Night";
				PRODUCT_NAME = "$(TARGET_NAME)";
				SWIFT_EMIT_LOC_STRINGS = YES;
				SWIFT_VERSION = 5.0;
				TARGETED_DEVICE_FAMILY = "1,2";
			};
			name = Debug;
		};
		B017AEB5280FA85B009E195C /* Release */ = {
			isa = XCBuildConfiguration;
			buildSettings = {
				ASSETCATALOG_COMPILER_APPICON_NAME = AppIcon;
				ASSETCATALOG_COMPILER_GLOBAL_ACCENT_COLOR_NAME = AccentColor;
				CODE_SIGN_STYLE = Automatic;
				CURRENT_PROJECT_VERSION = 1;
				DEVELOPMENT_TEAM = GS22S3LAT6;
				GENERATE_INFOPLIST_FILE = YES;
				INFOPLIST_FILE = "Movie Night/Info.plist";
				INFOPLIST_KEY_UIApplicationSupportsIndirectInputEvents = YES;
				INFOPLIST_KEY_UILaunchStoryboardName = LaunchScreen;
				INFOPLIST_KEY_UIMainStoryboardFile = Main;
				INFOPLIST_KEY_UISupportedInterfaceOrientations = UIInterfaceOrientationPortrait;
				INFOPLIST_KEY_UISupportedInterfaceOrientations_iPad = "UIInterfaceOrientationPortrait UIInterfaceOrientationPortraitUpsideDown UIInterfaceOrientationLandscapeLeft UIInterfaceOrientationLandscapeRight";
				INFOPLIST_KEY_UISupportedInterfaceOrientations_iPhone = "UIInterfaceOrientationPortrait UIInterfaceOrientationLandscapeLeft UIInterfaceOrientationLandscapeRight";
				IPHONEOS_DEPLOYMENT_TARGET = 15.0;
				LD_RUNPATH_SEARCH_PATHS = (
					"$(inherited)",
					"@executable_path/Frameworks",
				);
				MARKETING_VERSION = 1.0;
				PRODUCT_BUNDLE_IDENTIFIER = "Roy2.Movie-Night";
				PRODUCT_NAME = "$(TARGET_NAME)";
				SWIFT_EMIT_LOC_STRINGS = YES;
				SWIFT_VERSION = 5.0;
				TARGETED_DEVICE_FAMILY = "1,2";
			};
			name = Release;
		};
/* End XCBuildConfiguration section */

/* Begin XCConfigurationList section */
		B017AE97280FA857009E195C /* Build configuration list for PBXProject "Movie Night" */ = {
			isa = XCConfigurationList;
			buildConfigurations = (
				B017AEB1280FA85B009E195C /* Debug */,
				B017AEB2280FA85B009E195C /* Release */,
			);
			defaultConfigurationIsVisible = 0;
			defaultConfigurationName = Release;
		};
		B017AEB3280FA85B009E195C /* Build configuration list for PBXNativeTarget "Movie Night" */ = {
			isa = XCConfigurationList;
			buildConfigurations = (
				B017AEB4280FA85B009E195C /* Debug */,
				B017AEB5280FA85B009E195C /* Release */,
			);
			defaultConfigurationIsVisible = 0;
			defaultConfigurationName = Release;
		};
/* End XCConfigurationList section */

/* Begin XCRemoteSwiftPackageReference section */
		B05E1B8428116036004070C4 /* XCRemoteSwiftPackageReference "SDWebImage" */ = {
			isa = XCRemoteSwiftPackageReference;
			repositoryURL = "https://github.com/SDWebImage/SDWebImage.git";
			requirement = {
				kind = upToNextMajorVersion;
				minimumVersion = 5.0.0;
			};
		};
/* End XCRemoteSwiftPackageReference section */

/* Begin XCSwiftPackageProductDependency section */
		B05E1B8528116036004070C4 /* SDWebImage */ = {
			isa = XCSwiftPackageProductDependency;
			package = B05E1B8428116036004070C4 /* XCRemoteSwiftPackageReference "SDWebImage" */;
			productName = SDWebImage;
		};
		B05E1B8728116036004070C4 /* SDWebImageMapKit */ = {
			isa = XCSwiftPackageProductDependency;
			package = B05E1B8428116036004070C4 /* XCRemoteSwiftPackageReference "SDWebImage" */;
			productName = SDWebImageMapKit;
		};
/* End XCSwiftPackageProductDependency section */

/* Begin XCVersionGroup section */
		B017AEA8280FA858009E195C /* Movie_Night.xcdatamodeld */ = {
			isa = XCVersionGroup;
			children = (
				B017AEA9280FA858009E195C /* Movie_Night.xcdatamodel */,
			);
			currentVersion = B017AEA9280FA858009E195C /* Movie_Night.xcdatamodel */;
			path = Movie_Night.xcdatamodeld;
			sourceTree = "<group>";
			versionGroupType = wrapper.xcdatamodel;
		};
/* End XCVersionGroup section */
	};
	rootObject = B017AE94280FA857009E195C /* Project object */;
}
